
Microsoft Visual Studio Solution File, Format Version 12.00
# Visual Studio Version 16
VisualStudioVersion = 16.0.32630.194
MinimumVisualStudioVersion = 10.0.40219.1
Project("{FAE04EC0-301F-11D3-BF4B-00C04F79EFBC}") = "ejemplo en clase", "ejemplo en clase.csproj", "{4978FA29-713C-410A-885B-238484B5B9DF}"
EndProject
Global
	GlobalSection(SolutionConfigurationPlatforms) = preSolution
		Debug|Any CPU = Debug|Any CPU
		Release|Any CPU = Release|Any CPU
	EndGlobalSection
	GlobalSection(ProjectConfigurationPlatforms) = postSolution
		{4978FA29-713C-410A-885B-238484B5B9DF}.Debug|Any CPU.ActiveCfg = Debug|Any CPU
		{4978FA29-713C-410A-885B-238484B5B9DF}.Debug|Any CPU.Build.0 = Debug|Any CPU
		{4978FA29-713C-410A-885B-238484B5B9DF}.Release|Any CPU.ActiveCfg = Release|Any CPU
		{4978FA29-713C-410A-885B-238484B5B9DF}.Release|Any CPU.Build.0 = Release|Any CPU
	EndGlobalSection
	GlobalSection(SolutionProperties) = preSolution
		HideSolutionNode = FALSE
	EndGlobalSection
	GlobalSection(ExtensibilityGlobals) = postSolution
		SolutionGuid = {7EA5759F-E92D-4615-A784-B16A42F68487}
	EndGlobalSection
EndGlobal
